
Microsoft Visual Studio Solution File, Format Version 12.00
# Visual Studio 15
VisualStudioVersion = 15.0.27703.2042
MinimumVisualStudioVersion = 10.0.40219.1
Project("{2150E333-8FDC-42A3-9474-1A3956D46DE8}") = "Solution Items", "Solution Items", "{32CC75DF-F712-433E-A20B-4C9DBF2F8027}"
	ProjectSection(SolutionItems) = preProject
		.gitignore = .gitignore
		LICENSE = LICENSE
		README.md = README.md
	EndProjectSection
EndProject
Project("{2150E333-8FDC-42A3-9474-1A3956D46DE8}") = "src", "src", "{C137DA29-78D2-48BE-B708-ADDF44257909}"
EndProject
Project("{2150E333-8FDC-42A3-9474-1A3956D46DE8}") = "test", "test", "{6453A97A-F871-4969-A5E6-D14E23356F71}"
EndProject
Project("{9A19103F-16F7-4668-BE54-9A1E7A4F7556}") = "Yarm.Converters", "src\Yarm.Converters\Yarm.Converters.csproj", "{A6F767B7-CFC1-43E9-95D4-48796D6D559C}"
EndProject
Project("{9A19103F-16F7-4668-BE54-9A1E7A4F7556}") = "Yarm.Converters.Tests", "test\Yarm.Converters.Tests\Yarm.Converters.Tests.csproj", "{C6D40123-B357-4BC7-8B90-D2CE4313AFE5}"
EndProject
Global
	GlobalSection(SolutionConfigurationPlatforms) = preSolution
		Debug|Any CPU = Debug|Any CPU
		Release|Any CPU = Release|Any CPU
	EndGlobalSection
	GlobalSection(ProjectConfigurationPlatforms) = postSolution
		{A6F767B7-CFC1-43E9-95D4-48796D6D559C}.Debug|Any CPU.ActiveCfg = Debug|Any CPU
		{A6F767B7-CFC1-43E9-95D4-48796D6D559C}.Debug|Any CPU.Build.0 = Debug|Any CPU
		{A6F767B7-CFC1-43E9-95D4-48796D6D559C}.Release|Any CPU.ActiveCfg = Release|Any CPU
		{A6F767B7-CFC1-43E9-95D4-48796D6D559C}.Release|Any CPU.Build.0 = Release|Any CPU
		{C6D40123-B357-4BC7-8B90-D2CE4313AFE5}.Debug|Any CPU.ActiveCfg = Debug|Any CPU
		{C6D40123-B357-4BC7-8B90-D2CE4313AFE5}.Debug|Any CPU.Build.0 = Debug|Any CPU
		{C6D40123-B357-4BC7-8B90-D2CE4313AFE5}.Release|Any CPU.ActiveCfg = Release|Any CPU
		{C6D40123-B357-4BC7-8B90-D2CE4313AFE5}.Release|Any CPU.Build.0 = Release|Any CPU
	EndGlobalSection
	GlobalSection(SolutionProperties) = preSolution
		HideSolutionNode = FALSE
	EndGlobalSection
	GlobalSection(NestedProjects) = preSolution
		{A6F767B7-CFC1-43E9-95D4-48796D6D559C} = {C137DA29-78D2-48BE-B708-ADDF44257909}
		{C6D40123-B357-4BC7-8B90-D2CE4313AFE5} = {6453A97A-F871-4969-A5E6-D14E23356F71}
	EndGlobalSection
	GlobalSection(ExtensibilityGlobals) = postSolution
		SolutionGuid = {CB5CCBEE-4FB6-4BF6-9132-DAEFE53268A2}
	EndGlobalSection
EndGlobal
